
Microsoft Visual Studio Solution File, Format Version 12.00
# Visual Studio Version 17
VisualStudioVersion = 17.1.32328.378
MinimumVisualStudioVersion = 10.0.40219.1
Project("{9A19103F-16F7-4668-BE54-9A1E7A4F7556}") = "CatraProto.TL", "CatraProto.TL\CatraProto.TL.csproj", "{1AA5A970-58A7-40BE-81B1-7AB31B428A2A}"
EndProject
Project("{9A19103F-16F7-4668-BE54-9A1E7A4F7556}") = "CatraProto.Client", "CatraProto.Client\CatraProto.Client.csproj", "{89B27871-14FE-4EF0-9E0C-C3C79DC170D6}"
EndProject
Project("{9A19103F-16F7-4668-BE54-9A1E7A4F7556}") = "ConsoleLogin", "ConsoleLogin\ConsoleLogin.csproj", "{46F47D7A-0DC5-4D55-899E-CE05DF13073A}"
EndProject
Global
	GlobalSection(SolutionConfigurationPlatforms) = preSolution
		Debug|Any CPU = Debug|Any CPU
		Release|Any CPU = Release|Any CPU
	EndGlobalSection
	GlobalSection(ProjectConfigurationPlatforms) = postSolution
		{1AA5A970-58A7-40BE-81B1-7AB31B428A2A}.Debug|Any CPU.ActiveCfg = Debug|Any CPU
		{1AA5A970-58A7-40BE-81B1-7AB31B428A2A}.Debug|Any CPU.Build.0 = Debug|Any CPU
		{1AA5A970-58A7-40BE-81B1-7AB31B428A2A}.Release|Any CPU.ActiveCfg = Release|Any CPU
		{1AA5A970-58A7-40BE-81B1-7AB31B428A2A}.Release|Any CPU.Build.0 = Release|Any CPU
		{89B27871-14FE-4EF0-9E0C-C3C79DC170D6}.Debug|Any CPU.ActiveCfg = Debug|Any CPU
		{89B27871-14FE-4EF0-9E0C-C3C79DC170D6}.Debug|Any CPU.Build.0 = Debug|Any CPU
		{89B27871-14FE-4EF0-9E0C-C3C79DC170D6}.Release|Any CPU.ActiveCfg = Release|Any CPU
		{89B27871-14FE-4EF0-9E0C-C3C79DC170D6}.Release|Any CPU.Build.0 = Release|Any CPU
		{46F47D7A-0DC5-4D55-899E-CE05DF13073A}.Debug|Any CPU.ActiveCfg = Debug|Any CPU
		{46F47D7A-0DC5-4D55-899E-CE05DF13073A}.Debug|Any CPU.Build.0 = Debug|Any CPU
		{46F47D7A-0DC5-4D55-899E-CE05DF13073A}.Release|Any CPU.ActiveCfg = Release|Any CPU
		{46F47D7A-0DC5-4D55-899E-CE05DF13073A}.Release|Any CPU.Build.0 = Release|Any CPU
	EndGlobalSection
	GlobalSection(SolutionProperties) = preSolution
		HideSolutionNode = FALSE
	EndGlobalSection
	GlobalSection(ExtensibilityGlobals) = postSolution
		SolutionGuid = {1380EEF1-3429-4ABE-A568-98F2F82D4421}
	EndGlobalSection
EndGlobal
